// !$*UTF8*$!
{
	archiveVersion = 1;
	classes = {
	};
	objectVersion = 56;
	objects = {

/* Begin PBXBuildFile section */
		F62908282AB619E20050523B /* TabManager.swift in Sources */ = {isa = PBXBuildFile; fileRef = F62908272AB619E20050523B /* TabManager.swift */; };
		F629082B2AB61A9E0050523B /* HomeView.swift in Sources */ = {isa = PBXBuildFile; fileRef = F629082A2AB61A9E0050523B /* HomeView.swift */; };
		F629082F2AB61E5E0050523B /* DataManagementView.swift in Sources */ = {isa = PBXBuildFile; fileRef = F629082E2AB61E5E0050523B /* DataManagementView.swift */; };
		F62908332AB61E740050523B /* SettingsView.swift in Sources */ = {isa = PBXBuildFile; fileRef = F62908322AB61E740050523B /* SettingsView.swift */; };
		F62908372AB61F3F0050523B /* CreateARSessionView.swift in Sources */ = {isa = PBXBuildFile; fileRef = F62908362AB61F3F0050523B /* CreateARSessionView.swift */; };
		F6B765782AB60E0A006F697F /* VisionMeetApp.swift in Sources */ = {isa = PBXBuildFile; fileRef = F6B765772AB60E0A006F697F /* VisionMeetApp.swift */; };
		F6B7657C2AB60E0B006F697F /* Assets.xcassets in Resources */ = {isa = PBXBuildFile; fileRef = F6B7657B2AB60E0B006F697F /* Assets.xcassets */; };
		F6B7657F2AB60E0B006F697F /* Preview Assets.xcassets in Resources */ = {isa = PBXBuildFile; fileRef = F6B7657E2AB60E0B006F697F /* Preview Assets.xcassets */; };
		F6B765892AB60E0B006F697F /* VisionMeetTests.swift in Sources */ = {isa = PBXBuildFile; fileRef = F6B765882AB60E0B006F697F /* VisionMeetTests.swift */; };
		F6B765932AB60E0B006F697F /* VisionMeetUITests.swift in Sources */ = {isa = PBXBuildFile; fileRef = F6B765922AB60E0B006F697F /* VisionMeetUITests.swift */; };
		F6B765952AB60E0B006F697F /* VisionMeetUITestsLaunchTests.swift in Sources */ = {isa = PBXBuildFile; fileRef = F6B765942AB60E0B006F697F /* VisionMeetUITestsLaunchTests.swift */; };
		F6B765A42AB60EA1006F697F /* SplashView.swift in Sources */ = {isa = PBXBuildFile; fileRef = F6B765A32AB60EA1006F697F /* SplashView.swift */; };
/* End PBXBuildFile section */

/* Begin PBXContainerItemProxy section */
		F6B765852AB60E0B006F697F /* PBXContainerItemProxy */ = {
			isa = PBXContainerItemProxy;
			containerPortal = F6B7656C2AB60E0A006F697F /* Project object */;
			proxyType = 1;
			remoteGlobalIDString = F6B765732AB60E0A006F697F;
			remoteInfo = VisionMeet;
		};
		F6B7658F2AB60E0B006F697F /* PBXContainerItemProxy */ = {
			isa = PBXContainerItemProxy;
			containerPortal = F6B7656C2AB60E0A006F697F /* Project object */;
			proxyType = 1;
			remoteGlobalIDString = F6B765732AB60E0A006F697F;
			remoteInfo = VisionMeet;
		};
/* End PBXContainerItemProxy section */

/* Begin PBXFileReference section */
		F62908272AB619E20050523B /* TabManager.swift */ = {isa = PBXFileReference; lastKnownFileType = sourcecode.swift; path = TabManager.swift; sourceTree = "<group>"; };
		F629082A2AB61A9E0050523B /* HomeView.swift */ = {isa = PBXFileReference; lastKnownFileType = sourcecode.swift; path = HomeView.swift; sourceTree = "<group>"; };
		F629082E2AB61E5E0050523B /* DataManagementView.swift */ = {isa = PBXFileReference; lastKnownFileType = sourcecode.swift; path = DataManagementView.swift; sourceTree = "<group>"; };
		F62908322AB61E740050523B /* SettingsView.swift */ = {isa = PBXFileReference; lastKnownFileType = sourcecode.swift; path = SettingsView.swift; sourceTree = "<group>"; };
		F62908362AB61F3F0050523B /* CreateARSessionView.swift */ = {isa = PBXFileReference; lastKnownFileType = sourcecode.swift; path = CreateARSessionView.swift; sourceTree = "<group>"; };
		F6B765742AB60E0A006F697F /* VisionMeet.app */ = {isa = PBXFileReference; explicitFileType = wrapper.application; includeInIndex = 0; path = VisionMeet.app; sourceTree = BUILT_PRODUCTS_DIR; };
		F6B765772AB60E0A006F697F /* VisionMeetApp.swift */ = {isa = PBXFileReference; lastKnownFileType = sourcecode.swift; path = VisionMeetApp.swift; sourceTree = "<group>"; };
		F6B7657B2AB60E0B006F697F /* Assets.xcassets */ = {isa = PBXFileReference; lastKnownFileType = folder.assetcatalog; path = Assets.xcassets; sourceTree = "<group>"; };
		F6B7657E2AB60E0B006F697F /* Preview Assets.xcassets */ = {isa = PBXFileReference; lastKnownFileType = folder.assetcatalog; path = "Preview Assets.xcassets"; sourceTree = "<group>"; };
		F6B765842AB60E0B006F697F /* VisionMeetTests.xctest */ = {isa = PBXFileReference; explicitFileType = wrapper.cfbundle; includeInIndex = 0; path = VisionMeetTests.xctest; sourceTree = BUILT_PRODUCTS_DIR; };
		F6B765882AB60E0B006F697F /* VisionMeetTests.swift */ = {isa = PBXFileReference; lastKnownFileType = sourcecode.swift; path = VisionMeetTests.swift; sourceTree = "<group>"; };
		F6B7658E2AB60E0B006F697F /* VisionMeetUITests.xctest */ = {isa = PBXFileReference; explicitFileType = wrapper.cfbundle; includeInIndex = 0; path = VisionMeetUITests.xctest; sourceTree = BUILT_PRODUCTS_DIR; };
		F6B765922AB60E0B006F697F /* VisionMeetUITests.swift */ = {isa = PBXFileReference; lastKnownFileType = sourcecode.swift; path = VisionMeetUITests.swift; sourceTree = "<group>"; };
		F6B765942AB60E0B006F697F /* VisionMeetUITestsLaunchTests.swift */ = {isa = PBXFileReference; lastKnownFileType = sourcecode.swift; path = VisionMeetUITestsLaunchTests.swift; sourceTree = "<group>"; };
		F6B765A32AB60EA1006F697F /* SplashView.swift */ = {isa = PBXFileReference; lastKnownFileType = sourcecode.swift; path = SplashView.swift; sourceTree = "<group>"; };
/* End PBXFileReference section */

/* Begin PBXFrameworksBuildPhase section */
		F6B765712AB60E0A006F697F /* Frameworks */ = {
			isa = PBXFrameworksBuildPhase;
			buildActionMask = 2147483647;
			files = (
			);
			runOnlyForDeploymentPostprocessing = 0;
		};
		F6B765812AB60E0B006F697F /* Frameworks */ = {
			isa = PBXFrameworksBuildPhase;
			buildActionMask = 2147483647;
			files = (
			);
			runOnlyForDeploymentPostprocessing = 0;
		};
		F6B7658B2AB60E0B006F697F /* Frameworks */ = {
			isa = PBXFrameworksBuildPhase;
			buildActionMask = 2147483647;
			files = (
			);
			runOnlyForDeploymentPostprocessing = 0;
		};
/* End PBXFrameworksBuildPhase section */

/* Begin PBXGroup section */
		F62908262AB619D70050523B /* Home */ = {
			isa = PBXGroup;
			children = (
				F62908292AB61A9A0050523B /* View */,
			);
			path = Home;
			sourceTree = "<group>";
		};
		F62908292AB61A9A0050523B /* View */ = {
			isa = PBXGroup;
			children = (
				F629082A2AB61A9E0050523B /* HomeView.swift */,
			);
			path = View;
			sourceTree = "<group>";
		};
		F629082C2AB61E510050523B /* DataManagement */ = {
			isa = PBXGroup;
			children = (
				F629082D2AB61E570050523B /* View */,
			);
			path = DataManagement;
			sourceTree = "<group>";
		};
		F629082D2AB61E570050523B /* View */ = {
			isa = PBXGroup;
			children = (
				F629082E2AB61E5E0050523B /* DataManagementView.swift */,
			);
			path = View;
			sourceTree = "<group>";
		};
		F62908302AB61E6A0050523B /* Settings */ = {
			isa = PBXGroup;
			children = (
				F62908312AB61E6F0050523B /* View */,
			);
			path = Settings;
			sourceTree = "<group>";
		};
		F62908312AB61E6F0050523B /* View */ = {
			isa = PBXGroup;
			children = (
				F62908322AB61E740050523B /* SettingsView.swift */,
			);
			path = View;
			sourceTree = "<group>";
		};
		F62908342AB61F320050523B /* AR */ = {
			isa = PBXGroup;
			children = (
				F62908352AB61F360050523B /* View */,
			);
			path = AR;
			sourceTree = "<group>";
		};
		F62908352AB61F360050523B /* View */ = {
			isa = PBXGroup;
			children = (
				F62908362AB61F3F0050523B /* CreateARSessionView.swift */,
			);
			path = View;
			sourceTree = "<group>";
		};
		F6B7656B2AB60E0A006F697F = {
			isa = PBXGroup;
			children = (
				F6B765762AB60E0A006F697F /* VisionMeet */,
				F6B765872AB60E0B006F697F /* VisionMeetTests */,
				F6B765912AB60E0B006F697F /* VisionMeetUITests */,
				F6B765752AB60E0A006F697F /* Products */,
			);
			sourceTree = "<group>";
		};
		F6B765752AB60E0A006F697F /* Products */ = {
			isa = PBXGroup;
			children = (
				F6B765742AB60E0A006F697F /* VisionMeet.app */,
				F6B765842AB60E0B006F697F /* VisionMeetTests.xctest */,
				F6B7658E2AB60E0B006F697F /* VisionMeetUITests.xctest */,
			);
			name = Products;
			sourceTree = "<group>";
		};
		F6B765762AB60E0A006F697F /* VisionMeet */ = {
			isa = PBXGroup;
			children = (
				F62908342AB61F320050523B /* AR */,
				F62908302AB61E6A0050523B /* Settings */,
				F629082C2AB61E510050523B /* DataManagement */,
				F62908262AB619D70050523B /* Home */,
				F6B765A12AB60E95006F697F /* Frameworks */,
				F6B765772AB60E0A006F697F /* VisionMeetApp.swift */,
				F6B7657B2AB60E0B006F697F /* Assets.xcassets */,
				F6B7657D2AB60E0B006F697F /* Preview Content */,
			);
			path = VisionMeet;
			sourceTree = "<group>";
		};
		F6B7657D2AB60E0B006F697F /* Preview Content */ = {
			isa = PBXGroup;
			children = (
				F6B7657E2AB60E0B006F697F /* Preview Assets.xcassets */,
			);
			path = "Preview Content";
			sourceTree = "<group>";
		};
		F6B765872AB60E0B006F697F /* VisionMeetTests */ = {
			isa = PBXGroup;
			children = (
				F6B765882AB60E0B006F697F /* VisionMeetTests.swift */,
			);
			path = VisionMeetTests;
			sourceTree = "<group>";
		};
		F6B765912AB60E0B006F697F /* VisionMeetUITests */ = {
			isa = PBXGroup;
			children = (
				F6B765922AB60E0B006F697F /* VisionMeetUITests.swift */,
				F6B765942AB60E0B006F697F /* VisionMeetUITestsLaunchTests.swift */,
			);
			path = VisionMeetUITests;
			sourceTree = "<group>";
		};
		F6B765A12AB60E95006F697F /* Frameworks */ = {
			isa = PBXGroup;
			children = (
				F6B765A22AB60E9A006F697F /* View */,
			);
			path = Frameworks;
			sourceTree = "<group>";
		};
		F6B765A22AB60E9A006F697F /* View */ = {
			isa = PBXGroup;
			children = (
				F6B765A32AB60EA1006F697F /* SplashView.swift */,
				F62908272AB619E20050523B /* TabManager.swift */,
			);
			path = View;
			sourceTree = "<group>";
		};
/* End PBXGroup section */

/* Begin PBXNativeTarget section */
		F6B765732AB60E0A006F697F /* VisionMeet */ = {
			isa = PBXNativeTarget;
			buildConfigurationList = F6B765982AB60E0B006F697F /* Build configuration list for PBXNativeTarget "VisionMeet" */;
			buildPhases = (
				F6B765702AB60E0A006F697F /* Sources */,
				F6B765712AB60E0A006F697F /* Frameworks */,
				F6B765722AB60E0A006F697F /* Resources */,
			);
			buildRules = (
			);
			dependencies = (
			);
			name = VisionMeet;
			productName = VisionMeet;
			productReference = F6B765742AB60E0A006F697F /* VisionMeet.app */;
			productType = "com.apple.product-type.application";
		};
		F6B765832AB60E0B006F697F /* VisionMeetTests */ = {
			isa = PBXNativeTarget;
			buildConfigurationList = F6B7659B2AB60E0B006F697F /* Build configuration list for PBXNativeTarget "VisionMeetTests" */;
			buildPhases = (
				F6B765802AB60E0B006F697F /* Sources */,
				F6B765812AB60E0B006F697F /* Frameworks */,
				F6B765822AB60E0B006F697F /* Resources */,
			);
			buildRules = (
			);
			dependencies = (
				F6B765862AB60E0B006F697F /* PBXTargetDependency */,
			);
			name = VisionMeetTests;
			productName = VisionMeetTests;
			productReference = F6B765842AB60E0B006F697F /* VisionMeetTests.xctest */;
			productType = "com.apple.product-type.bundle.unit-test";
		};
		F6B7658D2AB60E0B006F697F /* VisionMeetUITests */ = {
			isa = PBXNativeTarget;
			buildConfigurationList = F6B7659E2AB60E0B006F697F /* Build configuration list for PBXNativeTarget "VisionMeetUITests" */;
			buildPhases = (
				F6B7658A2AB60E0B006F697F /* Sources */,
				F6B7658B2AB60E0B006F697F /* Frameworks */,
				F6B7658C2AB60E0B006F697F /* Resources */,
			);
			buildRules = (
			);
			dependencies = (
				F6B765902AB60E0B006F697F /* PBXTargetDependency */,
			);
			name = VisionMeetUITests;
			productName = VisionMeetUITests;
			productReference = F6B7658E2AB60E0B006F697F /* VisionMeetUITests.xctest */;
			productType = "com.apple.product-type.bundle.ui-testing";
		};
/* End PBXNativeTarget section */

/* Begin PBXProject section */
		F6B7656C2AB60E0A006F697F /* Project object */ = {
			isa = PBXProject;
			attributes = {
				BuildIndependentTargetsInParallel = 1;
				LastSwiftUpdateCheck = 1500;
				LastUpgradeCheck = 1500;
				TargetAttributes = {
					F6B765732AB60E0A006F697F = {
						CreatedOnToolsVersion = 15.0;
					};
					F6B765832AB60E0B006F697F = {
						CreatedOnToolsVersion = 15.0;
						TestTargetID = F6B765732AB60E0A006F697F;
					};
					F6B7658D2AB60E0B006F697F = {
						CreatedOnToolsVersion = 15.0;
						TestTargetID = F6B765732AB60E0A006F697F;
					};
				};
			};
			buildConfigurationList = F6B7656F2AB60E0A006F697F /* Build configuration list for PBXProject "VisionMeet" */;
			compatibilityVersion = "Xcode 14.0";
			developmentRegion = en;
			hasScannedForEncodings = 0;
			knownRegions = (
				en,
				Base,
			);
			mainGroup = F6B7656B2AB60E0A006F697F;
			productRefGroup = F6B765752AB60E0A006F697F /* Products */;
			projectDirPath = "";
			projectRoot = "";
			targets = (
				F6B765732AB60E0A006F697F /* VisionMeet */,
				F6B765832AB60E0B006F697F /* VisionMeetTests */,
				F6B7658D2AB60E0B006F697F /* VisionMeetUITests */,
			);
		};
/* End PBXProject section */

/* Begin PBXResourcesBuildPhase section */
		F6B765722AB60E0A006F697F /* Resources */ = {
			isa = PBXResourcesBuildPhase;
			buildActionMask = 2147483647;
			files = (
				F6B7657F2AB60E0B006F697F /* Preview Assets.xcassets in Resources */,
				F6B7657C2AB60E0B006F697F /* Assets.xcassets in Resources */,
			);
			runOnlyForDeploymentPostprocessing = 0;
		};
		F6B765822AB60E0B006F697F /* Resources */ = {
			isa = PBXResourcesBuildPhase;
			buildActionMask = 2147483647;
			files = (
			);
			runOnlyForDeploymentPostprocessing = 0;
		};
		F6B7658C2AB60E0B006F697F /* Resources */ = {
			isa = PBXResourcesBuildPhase;
			buildActionMask = 2147483647;
			files = (
			);
			runOnlyForDeploymentPostprocessing = 0;
		};
/* End PBXResourcesBuildPhase section */

/* Begin PBXSourcesBuildPhase section */
		F6B765702AB60E0A006F697F /* Sources */ = {
			isa = PBXSourcesBuildPhase;
			buildActionMask = 2147483647;
			files = (
				F6B765782AB60E0A006F697F /* VisionMeetApp.swift in Sources */,
				F62908372AB61F3F0050523B /* CreateARSessionView.swift in Sources */,
				F629082B2AB61A9E0050523B /* HomeView.swift in Sources */,
				F6B765A42AB60EA1006F697F /* SplashView.swift in Sources */,
				F62908332AB61E740050523B /* SettingsView.swift in Sources */,
				F62908282AB619E20050523B /* TabManager.swift in Sources */,
				F629082F2AB61E5E0050523B /* DataManagementView.swift in Sources */,
			);
			runOnlyForDeploymentPostprocessing = 0;
		};
		F6B765802AB60E0B006F697F /* Sources */ = {
			isa = PBXSourcesBuildPhase;
			buildActionMask = 2147483647;
			files = (
				F6B765892AB60E0B006F697F /* VisionMeetTests.swift in Sources */,
			);
			runOnlyForDeploymentPostprocessing = 0;
		};
		F6B7658A2AB60E0B006F697F /* Sources */ = {
			isa = PBXSourcesBuildPhase;
			buildActionMask = 2147483647;
			files = (
				F6B765932AB60E0B006F697F /* VisionMeetUITests.swift in Sources */,
				F6B765952AB60E0B006F697F /* VisionMeetUITestsLaunchTests.swift in Sources */,
			);
			runOnlyForDeploymentPostprocessing = 0;
		};
/* End PBXSourcesBuildPhase section */

/* Begin PBXTargetDependency section */
		F6B765862AB60E0B006F697F /* PBXTargetDependency */ = {
			isa = PBXTargetDependency;
			target = F6B765732AB60E0A006F697F /* VisionMeet */;
			targetProxy = F6B765852AB60E0B006F697F /* PBXContainerItemProxy */;
		};
		F6B765902AB60E0B006F697F /* PBXTargetDependency */ = {
			isa = PBXTargetDependency;
			target = F6B765732AB60E0A006F697F /* VisionMeet */;
			targetProxy = F6B7658F2AB60E0B006F697F /* PBXContainerItemProxy */;
		};
/* End PBXTargetDependency section */

/* Begin XCBuildConfiguration section */
		F6B765962AB60E0B006F697F /* Debug */ = {
			isa = XCBuildConfiguration;
			buildSettings = {
				ALWAYS_SEARCH_USER_PATHS = NO;
				ASSETCATALOG_COMPILER_GENERATE_SWIFT_ASSET_SYMBOL_EXTENSIONS = YES;
				CLANG_ANALYZER_NONNULL = YES;
				CLANG_ANALYZER_NUMBER_OBJECT_CONVERSION = YES_AGGRESSIVE;
				CLANG_CXX_LANGUAGE_STANDARD = "gnu++20";
				CLANG_ENABLE_MODULES = YES;
				CLANG_ENABLE_OBJC_ARC = YES;
				CLANG_ENABLE_OBJC_WEAK = YES;
				CLANG_WARN_BLOCK_CAPTURE_AUTORELEASING = YES;
				CLANG_WARN_BOOL_CONVERSION = YES;
				CLANG_WARN_COMMA = YES;
				CLANG_WARN_CONSTANT_CONVERSION = YES;
				CLANG_WARN_DEPRECATED_OBJC_IMPLEMENTATIONS = YES;
				CLANG_WARN_DIRECT_OBJC_ISA_USAGE = YES_ERROR;
				CLANG_WARN_DOCUMENTATION_COMMENTS = YES;
				CLANG_WARN_EMPTY_BODY = YES;
				CLANG_WARN_ENUM_CONVERSION = YES;
				CLANG_WARN_INFINITE_RECURSION = YES;
				CLANG_WARN_INT_CONVERSION = YES;
				CLANG_WARN_NON_LITERAL_NULL_CONVERSION = YES;
				CLANG_WARN_OBJC_IMPLICIT_RETAIN_SELF = YES;
				CLANG_WARN_OBJC_LITERAL_CONVERSION = YES;
				CLANG_WARN_OBJC_ROOT_CLASS = YES_ERROR;
				CLANG_WARN_QUOTED_INCLUDE_IN_FRAMEWORK_HEADER = YES;
				CLANG_WARN_RANGE_LOOP_ANALYSIS = YES;
				CLANG_WARN_STRICT_PROTOTYPES = YES;
				CLANG_WARN_SUSPICIOUS_MOVE = YES;
				CLANG_WARN_UNGUARDED_AVAILABILITY = YES_AGGRESSIVE;
				CLANG_WARN_UNREACHABLE_CODE = YES;
				CLANG_WARN__DUPLICATE_METHOD_MATCH = YES;
				COPY_PHASE_STRIP = NO;
				DEBUG_INFORMATION_FORMAT = dwarf;
				ENABLE_STRICT_OBJC_MSGSEND = YES;
				ENABLE_TESTABILITY = YES;
				ENABLE_USER_SCRIPT_SANDBOXING = YES;
				GCC_C_LANGUAGE_STANDARD = gnu17;
				GCC_DYNAMIC_NO_PIC = NO;
				GCC_NO_COMMON_BLOCKS = YES;
				GCC_OPTIMIZATION_LEVEL = 0;
				GCC_PREPROCESSOR_DEFINITIONS = (
					"DEBUG=1",
					"$(inherited)",
				);
				GCC_WARN_64_TO_32_BIT_CONVERSION = YES;
				GCC_WARN_ABOUT_RETURN_TYPE = YES_ERROR;
				GCC_WARN_UNDECLARED_SELECTOR = YES;
				GCC_WARN_UNINITIALIZED_AUTOS = YES_AGGRESSIVE;
				GCC_WARN_UNUSED_FUNCTION = YES;
				GCC_WARN_UNUSED_VARIABLE = YES;
				IPHONEOS_DEPLOYMENT_TARGET = 17.0;
				LOCALIZATION_PREFERS_STRING_CATALOGS = YES;
				MTL_ENABLE_DEBUG_INFO = INCLUDE_SOURCE;
				MTL_FAST_MATH = YES;
				ONLY_ACTIVE_ARCH = YES;
				SDKROOT = iphoneos;
				SWIFT_ACTIVE_COMPILATION_CONDITIONS = "DEBUG $(inherited)";
				SWIFT_OPTIMIZATION_LEVEL = "-Onone";
			};
			name = Debug;
		};
		F6B765972AB60E0B006F697F /* Release */ = {
			isa = XCBuildConfiguration;
			buildSettings = {
				ALWAYS_SEARCH_USER_PATHS = NO;
				ASSETCATALOG_COMPILER_GENERATE_SWIFT_ASSET_SYMBOL_EXTENSIONS = YES;
				CLANG_ANALYZER_NONNULL = YES;
				CLANG_ANALYZER_NUMBER_OBJECT_CONVERSION = YES_AGGRESSIVE;
				CLANG_CXX_LANGUAGE_STANDARD = "gnu++20";
				CLANG_ENABLE_MODULES = YES;
				CLANG_ENABLE_OBJC_ARC = YES;
				CLANG_ENABLE_OBJC_WEAK = YES;
				CLANG_WARN_BLOCK_CAPTURE_AUTORELEASING = YES;
				CLANG_WARN_BOOL_CONVERSION = YES;
				CLANG_WARN_COMMA = YES;
				CLANG_WARN_CONSTANT_CONVERSION = YES;
				CLANG_WARN_DEPRECATED_OBJC_IMPLEMENTATIONS = YES;
				CLANG_WARN_DIRECT_OBJC_ISA_USAGE = YES_ERROR;
				CLANG_WARN_DOCUMENTATION_COMMENTS = YES;
				CLANG_WARN_EMPTY_BODY = YES;
				CLANG_WARN_ENUM_CONVERSION = YES;
				CLANG_WARN_INFINITE_RECURSION = YES;
				CLANG_WARN_INT_CONVERSION = YES;
				CLANG_WARN_NON_LITERAL_NULL_CONVERSION = YES;
				CLANG_WARN_OBJC_IMPLICIT_RETAIN_SELF = YES;
				CLANG_WARN_OBJC_LITERAL_CONVERSION = YES;
				CLANG_WARN_OBJC_ROOT_CLASS = YES_ERROR;
				CLANG_WARN_QUOTED_INCLUDE_IN_FRAMEWORK_HEADER = YES;
				CLANG_WARN_RANGE_LOOP_ANALYSIS = YES;
				CLANG_WARN_STRICT_PROTOTYPES = YES;
				CLANG_WARN_SUSPICIOUS_MOVE = YES;
				CLANG_WARN_UNGUARDED_AVAILABILITY = YES_AGGRESSIVE;
				CLANG_WARN_UNREACHABLE_CODE = YES;
				CLANG_WARN__DUPLICATE_METHOD_MATCH = YES;
				COPY_PHASE_STRIP = NO;
				DEBUG_INFORMATION_FORMAT = "dwarf-with-dsym";
				ENABLE_NS_ASSERTIONS = NO;
				ENABLE_STRICT_OBJC_MSGSEND = YES;
				ENABLE_USER_SCRIPT_SANDBOXING = YES;
				GCC_C_LANGUAGE_STANDARD = gnu17;
				GCC_NO_COMMON_BLOCKS = YES;
				GCC_WARN_64_TO_32_BIT_CONVERSION = YES;
				GCC_WARN_ABOUT_RETURN_TYPE = YES_ERROR;
				GCC_WARN_UNDECLARED_SELECTOR = YES;
				GCC_WARN_UNINITIALIZED_AUTOS = YES_AGGRESSIVE;
				GCC_WARN_UNUSED_FUNCTION = YES;
				GCC_WARN_UNUSED_VARIABLE = YES;
				IPHONEOS_DEPLOYMENT_TARGET = 17.0;
				LOCALIZATION_PREFERS_STRING_CATALOGS = YES;
				MTL_ENABLE_DEBUG_INFO = NO;
				MTL_FAST_MATH = YES;
				SDKROOT = iphoneos;
				SWIFT_COMPILATION_MODE = wholemodule;
				VALIDATE_PRODUCT = YES;
			};
			name = Release;
		};
		F6B765992AB60E0B006F697F /* Debug */ = {
			isa = XCBuildConfiguration;
			buildSettings = {
				ASSETCATALOG_COMPILER_APPICON_NAME = AppIcon;
				ASSETCATALOG_COMPILER_GLOBAL_ACCENT_COLOR_NAME = AccentColor;
				CODE_SIGN_STYLE = Automatic;
				CURRENT_PROJECT_VERSION = 1;
				DEVELOPMENT_ASSET_PATHS = "\"VisionMeet/Preview Content\"";
				DEVELOPMENT_TEAM = H7245MHSUG;
				ENABLE_PREVIEWS = YES;
				GENERATE_INFOPLIST_FILE = YES;
				INFOPLIST_KEY_UIApplicationSceneManifest_Generation = YES;
				INFOPLIST_KEY_UIApplicationSupportsIndirectInputEvents = YES;
				INFOPLIST_KEY_UILaunchScreen_Generation = YES;
				INFOPLIST_KEY_UISupportedInterfaceOrientations_iPad = "UIInterfaceOrientationPortrait UIInterfaceOrientationPortraitUpsideDown UIInterfaceOrientationLandscapeLeft UIInterfaceOrientationLandscapeRight";
				INFOPLIST_KEY_UISupportedInterfaceOrientations_iPhone = "UIInterfaceOrientationPortrait UIInterfaceOrientationLandscapeLeft UIInterfaceOrientationLandscapeRight";
				LD_RUNPATH_SEARCH_PATHS = (
					"$(inherited)",
					"@executable_path/Frameworks",
				);
				MARKETING_VERSION = 1.0;
				PRODUCT_BUNDLE_IDENTIFIER = com.cj.VisionMeet;
				PRODUCT_NAME = "$(TARGET_NAME)";
				SWIFT_EMIT_LOC_STRINGS = YES;
				SWIFT_VERSION = 5.0;
				TARGETED_DEVICE_FAMILY = "1,2";
			};
			name = Debug;
		};
		F6B7659A2AB60E0B006F697F /* Release */ = {
			isa = XCBuildConfiguration;
			buildSettings = {
				ASSETCATALOG_COMPILER_APPICON_NAME = AppIcon;
				ASSETCATALOG_COMPILER_GLOBAL_ACCENT_COLOR_NAME = AccentColor;
				CODE_SIGN_STYLE = Automatic;
				CURRENT_PROJECT_VERSION = 1;
				DEVELOPMENT_ASSET_PATHS = "\"VisionMeet/Preview Content\"";
				DEVELOPMENT_TEAM = H7245MHSUG;
				ENABLE_PREVIEWS = YES;
				GENERATE_INFOPLIST_FILE = YES;
				INFOPLIST_KEY_UIApplicationSceneManifest_Generation = YES;
				INFOPLIST_KEY_UIApplicationSupportsIndirectInputEvents = YES;
				INFOPLIST_KEY_UILaunchScreen_Generation = YES;
				INFOPLIST_KEY_UISupportedInterfaceOrientations_iPad = "UIInterfaceOrientationPortrait UIInterfaceOrientationPortraitUpsideDown UIInterfaceOrientationLandscapeLeft UIInterfaceOrientationLandscapeRight";
				INFOPLIST_KEY_UISupportedInterfaceOrientations_iPhone = "UIInterfaceOrientationPortrait UIInterfaceOrientationLandscapeLeft UIInterfaceOrientationLandscapeRight";
				LD_RUNPATH_SEARCH_PATHS = (
					"$(inherited)",
					"@executable_path/Frameworks",
				);
				MARKETING_VERSION = 1.0;
				PRODUCT_BUNDLE_IDENTIFIER = com.cj.VisionMeet;
				PRODUCT_NAME = "$(TARGET_NAME)";
				SWIFT_EMIT_LOC_STRINGS = YES;
				SWIFT_VERSION = 5.0;
				TARGETED_DEVICE_FAMILY = "1,2";
			};
			name = Release;
		};
		F6B7659C2AB60E0B006F697F /* Debug */ = {
			isa = XCBuildConfiguration;
			buildSettings = {
				ALWAYS_EMBED_SWIFT_STANDARD_LIBRARIES = YES;
				BUNDLE_LOADER = "$(TEST_HOST)";
				CODE_SIGN_STYLE = Automatic;
				CURRENT_PROJECT_VERSION = 1;
				DEVELOPMENT_TEAM = H7245MHSUG;
				GENERATE_INFOPLIST_FILE = YES;
				IPHONEOS_DEPLOYMENT_TARGET = 17.0;
				MARKETING_VERSION = 1.0;
				PRODUCT_BUNDLE_IDENTIFIER = com.cj.VisionMeetTests;
				PRODUCT_NAME = "$(TARGET_NAME)";
				SWIFT_EMIT_LOC_STRINGS = NO;
				SWIFT_VERSION = 5.0;
				TARGETED_DEVICE_FAMILY = "1,2";
				TEST_HOST = "$(BUILT_PRODUCTS_DIR)/VisionMeet.app/$(BUNDLE_EXECUTABLE_FOLDER_PATH)/VisionMeet";
			};
			name = Debug;
		};
		F6B7659D2AB60E0B006F697F /* Release */ = {
			isa = XCBuildConfiguration;
			buildSettings = {
				ALWAYS_EMBED_SWIFT_STANDARD_LIBRARIES = YES;
				BUNDLE_LOADER = "$(TEST_HOST)";
				CODE_SIGN_STYLE = Automatic;
				CURRENT_PROJECT_VERSION = 1;
				DEVELOPMENT_TEAM = H7245MHSUG;
				GENERATE_INFOPLIST_FILE = YES;
				IPHONEOS_DEPLOYMENT_TARGET = 17.0;
				MARKETING_VERSION = 1.0;
				PRODUCT_BUNDLE_IDENTIFIER = com.cj.VisionMeetTests;
				PRODUCT_NAME = "$(TARGET_NAME)";
				SWIFT_EMIT_LOC_STRINGS = NO;
				SWIFT_VERSION = 5.0;
				TARGETED_DEVICE_FAMILY = "1,2";
				TEST_HOST = "$(BUILT_PRODUCTS_DIR)/VisionMeet.app/$(BUNDLE_EXECUTABLE_FOLDER_PATH)/VisionMeet";
			};
			name = Release;
		};
		F6B7659F2AB60E0B006F697F /* Debug */ = {
			isa = XCBuildConfiguration;
			buildSettings = {
				ALWAYS_EMBED_SWIFT_STANDARD_LIBRARIES = YES;
				CODE_SIGN_STYLE = Automatic;
				CURRENT_PROJECT_VERSION = 1;
				DEVELOPMENT_TEAM = H7245MHSUG;
				GENERATE_INFOPLIST_FILE = YES;
				MARKETING_VERSION = 1.0;
				PRODUCT_BUNDLE_IDENTIFIER = com.cj.VisionMeetUITests;
				PRODUCT_NAME = "$(TARGET_NAME)";
				SWIFT_EMIT_LOC_STRINGS = NO;
				SWIFT_VERSION = 5.0;
				TARGETED_DEVICE_FAMILY = "1,2";
				TEST_TARGET_NAME = VisionMeet;
			};
			name = Debug;
		};
		F6B765A02AB60E0B006F697F /* Release */ = {
			isa = XCBuildConfiguration;
			buildSettings = {
				ALWAYS_EMBED_SWIFT_STANDARD_LIBRARIES = YES;
				CODE_SIGN_STYLE = Automatic;
				CURRENT_PROJECT_VERSION = 1;
				DEVELOPMENT_TEAM = H7245MHSUG;
				GENERATE_INFOPLIST_FILE = YES;
				MARKETING_VERSION = 1.0;
				PRODUCT_BUNDLE_IDENTIFIER = com.cj.VisionMeetUITests;
				PRODUCT_NAME = "$(TARGET_NAME)";
				SWIFT_EMIT_LOC_STRINGS = NO;
				SWIFT_VERSION = 5.0;
				TARGETED_DEVICE_FAMILY = "1,2";
				TEST_TARGET_NAME = VisionMeet;
			};
			name = Release;
		};
/* End XCBuildConfiguration section */

/* Begin XCConfigurationList section */
		F6B7656F2AB60E0A006F697F /* Build configuration list for PBXProject "VisionMeet" */ = {
			isa = XCConfigurationList;
			buildConfigurations = (
				F6B765962AB60E0B006F697F /* Debug */,
				F6B765972AB60E0B006F697F /* Release */,
			);
			defaultConfigurationIsVisible = 0;
			defaultConfigurationName = Release;
		};
		F6B765982AB60E0B006F697F /* Build configuration list for PBXNativeTarget "VisionMeet" */ = {
			isa = XCConfigurationList;
			buildConfigurations = (
				F6B765992AB60E0B006F697F /* Debug */,
				F6B7659A2AB60E0B006F697F /* Release */,
			);
			defaultConfigurationIsVisible = 0;
			defaultConfigurationName = Release;
		};
		F6B7659B2AB60E0B006F697F /* Build configuration list for PBXNativeTarget "VisionMeetTests" */ = {
			isa = XCConfigurationList;
			buildConfigurations = (
				F6B7659C2AB60E0B006F697F /* Debug */,
				F6B7659D2AB60E0B006F697F /* Release */,
			);
			defaultConfigurationIsVisible = 0;
			defaultConfigurationName = Release;
		};
		F6B7659E2AB60E0B006F697F /* Build configuration list for PBXNativeTarget "VisionMeetUITests" */ = {
			isa = XCConfigurationList;
			buildConfigurations = (
				F6B7659F2AB60E0B006F697F /* Debug */,
				F6B765A02AB60E0B006F697F /* Release */,
			);
			defaultConfigurationIsVisible = 0;
			defaultConfigurationName = Release;
		};
/* End XCConfigurationList section */
	};
	rootObject = F6B7656C2AB60E0A006F697F /* Project object */;
}
